
Microsoft Visual Studio Solution File, Format Version 12.00
# Visual Studio Version 16
VisualStudioVersion = 16.0.30907.101
MinimumVisualStudioVersion = 10.0.40219.1
Project("{FAE04EC0-301F-11D3-BF4B-00C04F79EFBC}") = "MovieWebApi", "MovieWebApi\MovieWebApi.csproj", "{DA6668C1-03C2-4493-9CB4-772D95984110}"
EndProject
Global
	GlobalSection(SolutionConfigurationPlatforms) = preSolution
		Debug|Any CPU = Debug|Any CPU
		Release|Any CPU = Release|Any CPU
	EndGlobalSection
	GlobalSection(ProjectConfigurationPlatforms) = postSolution
		{DA6668C1-03C2-4493-9CB4-772D95984110}.Debug|Any CPU.ActiveCfg = Debug|Any CPU
		{DA6668C1-03C2-4493-9CB4-772D95984110}.Debug|Any CPU.Build.0 = Debug|Any CPU
		{DA6668C1-03C2-4493-9CB4-772D95984110}.Release|Any CPU.ActiveCfg = Release|Any CPU
		{DA6668C1-03C2-4493-9CB4-772D95984110}.Release|Any CPU.Build.0 = Release|Any CPU
	EndGlobalSection
	GlobalSection(SolutionProperties) = preSolution
		HideSolutionNode = FALSE
	EndGlobalSection
	GlobalSection(ExtensibilityGlobals) = postSolution
		SolutionGuid = {49CE088A-8B19-4214-A571-9BB425AC0899}
	EndGlobalSection
EndGlobal
