
Microsoft Visual Studio Solution File, Format Version 12.00
# Visual Studio Version 16
VisualStudioVersion = 16.0.30907.101
MinimumVisualStudioVersion = 10.0.40219.1
Project("{FAE04EC0-301F-11D3-BF4B-00C04F79EFBC}") = "CourseService", "CourseService\CourseService.csproj", "{10DB1915-BC68-4723-908D-6C98D850650D}"
EndProject
Global
	GlobalSection(SolutionConfigurationPlatforms) = preSolution
		Debug|Any CPU = Debug|Any CPU
		Release|Any CPU = Release|Any CPU
	EndGlobalSection
	GlobalSection(ProjectConfigurationPlatforms) = postSolution
		{10DB1915-BC68-4723-908D-6C98D850650D}.Debug|Any CPU.ActiveCfg = Debug|Any CPU
		{10DB1915-BC68-4723-908D-6C98D850650D}.Debug|Any CPU.Build.0 = Debug|Any CPU
		{10DB1915-BC68-4723-908D-6C98D850650D}.Release|Any CPU.ActiveCfg = Release|Any CPU
		{10DB1915-BC68-4723-908D-6C98D850650D}.Release|Any CPU.Build.0 = Release|Any CPU
	EndGlobalSection
	GlobalSection(SolutionProperties) = preSolution
		HideSolutionNode = FALSE
	EndGlobalSection
	GlobalSection(ExtensibilityGlobals) = postSolution
		SolutionGuid = {B8164320-EC2E-47EE-A345-F98225A5EB82}
	EndGlobalSection
EndGlobal
