
Microsoft Visual Studio Solution File, Format Version 12.00
# Visual Studio Version 16
VisualStudioVersion = 16.0.30907.101
MinimumVisualStudioVersion = 10.0.40219.1
Project("{FAE04EC0-301F-11D3-BF4B-00C04F79EFBC}") = "EmployeeService", "EmployeeService\EmployeeService.csproj", "{3BA46F76-1728-4514-85E8-43D7D545DD63}"
EndProject
Global
	GlobalSection(SolutionConfigurationPlatforms) = preSolution
		Debug|Any CPU = Debug|Any CPU
		Release|Any CPU = Release|Any CPU
	EndGlobalSection
	GlobalSection(ProjectConfigurationPlatforms) = postSolution
		{3BA46F76-1728-4514-85E8-43D7D545DD63}.Debug|Any CPU.ActiveCfg = Debug|Any CPU
		{3BA46F76-1728-4514-85E8-43D7D545DD63}.Debug|Any CPU.Build.0 = Debug|Any CPU
		{3BA46F76-1728-4514-85E8-43D7D545DD63}.Release|Any CPU.ActiveCfg = Release|Any CPU
		{3BA46F76-1728-4514-85E8-43D7D545DD63}.Release|Any CPU.Build.0 = Release|Any CPU
	EndGlobalSection
	GlobalSection(SolutionProperties) = preSolution
		HideSolutionNode = FALSE
	EndGlobalSection
	GlobalSection(ExtensibilityGlobals) = postSolution
		SolutionGuid = {32392CD8-B0FC-49AE-AC7D-463FA0F30748}
	EndGlobalSection
EndGlobal
